
Microsoft Visual Studio Solution File, Format Version 12.00
# Visual Studio Version 17
VisualStudioVersion = 17.14.36603.0 d17.14
MinimumVisualStudioVersion = 10.0.40219.1
Project("{8BC9CEB8-8B4A-11D0-8D11-00A0C91BC942}") = "hesap makinesi", "hesap makinesi\hesap makinesi.vcxproj", "{603FEC52-1463-4E76-BE3C-F5A7D8C1126F}"
EndProject
Global
	GlobalSection(SolutionConfigurationPlatforms) = preSolution
		Debug|x64 = Debug|x64
		Debug|x86 = Debug|x86
		Release|x64 = Release|x64
		Release|x86 = Release|x86
	EndGlobalSection
	GlobalSection(ProjectConfigurationPlatforms) = postSolution
		{603FEC52-1463-4E76-BE3C-F5A7D8C1126F}.Debug|x64.ActiveCfg = Debug|x64
		{603FEC52-1463-4E76-BE3C-F5A7D8C1126F}.Debug|x64.Build.0 = Debug|x64
		{603FEC52-1463-4E76-BE3C-F5A7D8C1126F}.Debug|x86.ActiveCfg = Debug|Win32
		{603FEC52-1463-4E76-BE3C-F5A7D8C1126F}.Debug|x86.Build.0 = Debug|Win32
		{603FEC52-1463-4E76-BE3C-F5A7D8C1126F}.Release|x64.ActiveCfg = Release|x64
		{603FEC52-1463-4E76-BE3C-F5A7D8C1126F}.Release|x64.Build.0 = Release|x64
		{603FEC52-1463-4E76-BE3C-F5A7D8C1126F}.Release|x86.ActiveCfg = Release|Win32
		{603FEC52-1463-4E76-BE3C-F5A7D8C1126F}.Release|x86.Build.0 = Release|Win32
	EndGlobalSection
	GlobalSection(SolutionProperties) = preSolution
		HideSolutionNode = FALSE
	EndGlobalSection
	GlobalSection(ExtensibilityGlobals) = postSolution
		SolutionGuid = {6C4A1131-5EB1-418A-B274-C2F0E52C0B15}
	EndGlobalSection
EndGlobal
